
Microsoft Visual Studio Solution File, Format Version 12.00
# Visual Studio Version 17
VisualStudioVersion = 17.6.33815.320
MinimumVisualStudioVersion = 10.0.40219.1
Project("{9A19103F-16F7-4668-BE54-9A1E7A4F7556}") = "YxWebsite", "YxWebsite\YxWebsite.csproj", "{D64A695D-ADE8-492D-9908-E82842321E25}"
EndProject
Global
	GlobalSection(SolutionConfigurationPlatforms) = preSolution
		Debug|Any CPU = Debug|Any CPU
		Release|Any CPU = Release|Any CPU
	EndGlobalSection
	GlobalSection(ProjectConfigurationPlatforms) = postSolution
		{D64A695D-ADE8-492D-9908-E82842321E25}.Debug|Any CPU.ActiveCfg = Debug|Any CPU
		{D64A695D-ADE8-492D-9908-E82842321E25}.Debug|Any CPU.Build.0 = Debug|Any CPU
		{D64A695D-ADE8-492D-9908-E82842321E25}.Release|Any CPU.ActiveCfg = Release|Any CPU
		{D64A695D-ADE8-492D-9908-E82842321E25}.Release|Any CPU.Build.0 = Release|Any CPU
	EndGlobalSection
	GlobalSection(SolutionProperties) = preSolution
		HideSolutionNode = FALSE
	EndGlobalSection
	GlobalSection(ExtensibilityGlobals) = postSolution
		SolutionGuid = {8EF6F538-56D8-4342-B171-C5156E5842D3}
	EndGlobalSection
EndGlobal
